
Microsoft Visual Studio Solution File, Format Version 12.00
# Visual Studio Version 16
VisualStudioVersion = 16.0.31911.196
MinimumVisualStudioVersion = 10.0.40219.1
Project("{FAE04EC0-301F-11D3-BF4B-00C04F79EFBC}") = "Temperature", "Temperature\Temperature.csproj", "{2224847A-BBD8-4699-8ED7-D2FC20C3D2C3}"
EndProject
Project("{FAE04EC0-301F-11D3-BF4B-00C04F79EFBC}") = "TemperatureLib", "TemperatureLib\TemperatureLib.csproj", "{C13BEA81-8D56-40F2-9358-1BF2BBA65EF4}"
EndProject
Project("{FAE04EC0-301F-11D3-BF4B-00C04F79EFBC}") = "TestTemperature", "TestTemperature\TestTemperature.csproj", "{40D791A2-E37E-4F1C-8295-15FAFCE0B5C1}"
EndProject
Global
	GlobalSection(SolutionConfigurationPlatforms) = preSolution
		Debug|Any CPU = Debug|Any CPU
		Release|Any CPU = Release|Any CPU
	EndGlobalSection
	GlobalSection(ProjectConfigurationPlatforms) = postSolution
		{2224847A-BBD8-4699-8ED7-D2FC20C3D2C3}.Debug|Any CPU.ActiveCfg = Debug|Any CPU
		{2224847A-BBD8-4699-8ED7-D2FC20C3D2C3}.Debug|Any CPU.Build.0 = Debug|Any CPU
		{2224847A-BBD8-4699-8ED7-D2FC20C3D2C3}.Release|Any CPU.ActiveCfg = Release|Any CPU
		{2224847A-BBD8-4699-8ED7-D2FC20C3D2C3}.Release|Any CPU.Build.0 = Release|Any CPU
		{C13BEA81-8D56-40F2-9358-1BF2BBA65EF4}.Debug|Any CPU.ActiveCfg = Debug|Any CPU
		{C13BEA81-8D56-40F2-9358-1BF2BBA65EF4}.Debug|Any CPU.Build.0 = Debug|Any CPU
		{C13BEA81-8D56-40F2-9358-1BF2BBA65EF4}.Release|Any CPU.ActiveCfg = Release|Any CPU
		{C13BEA81-8D56-40F2-9358-1BF2BBA65EF4}.Release|Any CPU.Build.0 = Release|Any CPU
		{40D791A2-E37E-4F1C-8295-15FAFCE0B5C1}.Debug|Any CPU.ActiveCfg = Debug|Any CPU
		{40D791A2-E37E-4F1C-8295-15FAFCE0B5C1}.Debug|Any CPU.Build.0 = Debug|Any CPU
		{40D791A2-E37E-4F1C-8295-15FAFCE0B5C1}.Release|Any CPU.ActiveCfg = Release|Any CPU
		{40D791A2-E37E-4F1C-8295-15FAFCE0B5C1}.Release|Any CPU.Build.0 = Release|Any CPU
	EndGlobalSection
	GlobalSection(SolutionProperties) = preSolution
		HideSolutionNode = FALSE
	EndGlobalSection
	GlobalSection(ExtensibilityGlobals) = postSolution
		SolutionGuid = {236346A6-1D60-4710-AAC7-5ED15A5F5476}
	EndGlobalSection
EndGlobal
